
Microsoft Visual Studio Solution File, Format Version 12.00
# Visual Studio Version 17
VisualStudioVersion = 17.6.33815.320
MinimumVisualStudioVersion = 10.0.40219.1
Project("{2150E333-8FDC-42A3-9474-1A3956D46DE8}") = "N1", "N1", "{997F9FDB-FECE-41B9-946D-C49E9743EA42}"
EndProject
Project("{9A19103F-16F7-4668-BE54-9A1E7A4F7556}") = "N1", "N1\N1.csproj", "{A9AD3370-8334-46CB-833A-1D276A696A86}"
EndProject
Project("{2150E333-8FDC-42A3-9474-1A3956D46DE8}") = "HomeTask-1", "HomeTask-1", "{F5454088-E22D-4011-8B78-DE04A6D2C0B1}"
EndProject
Project("{9A19103F-16F7-4668-BE54-9A1E7A4F7556}") = "N1-HT1", "HomeTask-1\N1-HT1.csproj", "{8891DDF2-83B4-43AA-B651-D5740054E234}"
EndProject
Project("{2150E333-8FDC-42A3-9474-1A3956D46DE8}") = "N3", "N3", "{D25D492B-4564-4B40-8393-49D3A2FE7FCF}"
EndProject
Project("{9A19103F-16F7-4668-BE54-9A1E7A4F7556}") = "Test-1", "Test-1\Test-1.csproj", "{4CD7FC73-ADA5-4D63-AF6A-BF4FD2A9D062}"
EndProject
Project("{2150E333-8FDC-42A3-9474-1A3956D46DE8}") = "Tasks", "Tasks", "{2A43FBB8-B5C0-4F81-87D1-C6E719357E9F}"
EndProject
Project("{9A19103F-16F7-4668-BE54-9A1E7A4F7556}") = "T1", "T1\T1.csproj", "{0F074353-BE03-4B6C-BF41-031570F99B95}"
EndProject
Project("{9A19103F-16F7-4668-BE54-9A1E7A4F7556}") = "T2", "T2\T2.csproj", "{6EA1D187-FADC-4937-A643-394FE9F5EEF9}"
EndProject
Project("{9A19103F-16F7-4668-BE54-9A1E7A4F7556}") = "T3", "T3\T3.csproj", "{EDFBB8EE-D0A1-4BB5-814D-D87E98DBA44A}"
EndProject
Project("{9A19103F-16F7-4668-BE54-9A1E7A4F7556}") = "T4", "T4\T4.csproj", "{4BB4C113-27E8-4A17-B7E1-883FF31292E6}"
EndProject
Project("{9A19103F-16F7-4668-BE54-9A1E7A4F7556}") = "T5", "T5\T5.csproj", "{B3DEE115-EE3B-4E0B-81C3-D1FDE8F58F2B}"
EndProject
Project("{2150E333-8FDC-42A3-9474-1A3956D46DE8}") = "HomeTask-3", "HomeTask-3", "{BFC692B3-0F8A-4715-86C1-399EE621D475}"
EndProject
Project("{9A19103F-16F7-4668-BE54-9A1E7A4F7556}") = "N3-HT1", "HT1\N3-HT1.csproj", "{A38C2EAF-DEE5-43A2-AED1-9A23FC3563A2}"
EndProject
Project("{2150E333-8FDC-42A3-9474-1A3956D46DE8}") = "N2", "N2", "{7D77A206-4708-41CC-89A7-807F1997EE85}"
EndProject
Project("{2150E333-8FDC-42A3-9474-1A3956D46DE8}") = "N4", "N4", "{F146C882-414E-459D-ACB8-53DFD92388F6}"
EndProject
Project("{2150E333-8FDC-42A3-9474-1A3956D46DE8}") = "Task", "Task", "{333619A8-F921-462A-AB95-91280F7F0048}"
EndProject
Project("{9A19103F-16F7-4668-BE54-9A1E7A4F7556}") = "T1-P", "T1-P\T1-P.csproj", "{2AC47D90-D8E0-4B92-99DA-A1F890A35B2E}"
EndProject
Project("{9A19103F-16F7-4668-BE54-9A1E7A4F7556}") = "T2-P", "T2-P\T2-P.csproj", "{F8057E09-EABD-415C-BAC1-B66ABDA219CF}"
EndProject
Project("{9A19103F-16F7-4668-BE54-9A1E7A4F7556}") = "N3-HT2", "HT2\N3-HT2.csproj", "{960AD0F3-448C-4D40-BD14-EBBA184EEB61}"
EndProject
Project("{2150E333-8FDC-42A3-9474-1A3956D46DE8}") = "HomeTask-4", "HomeTask-4", "{C207970F-25F8-4F89-B232-BBDE1DC10B9E}"
EndProject
Project("{9A19103F-16F7-4668-BE54-9A1E7A4F7556}") = "N4-HT1", "HT4-1\N4-HT1.csproj", "{92E71F8A-591A-4164-9A24-6160283F9C5E}"
EndProject
Project("{2150E333-8FDC-42A3-9474-1A3956D46DE8}") = "N5", "N5", "{B9382292-DE43-468E-AC1C-31754099347D}"
EndProject
Project("{2150E333-8FDC-42A3-9474-1A3956D46DE8}") = "Tasks", "Tasks", "{87F16DB4-7553-4161-8971-CACCB130EE6E}"
EndProject
Project("{9A19103F-16F7-4668-BE54-9A1E7A4F7556}") = "N5-T1", "N5-T1\N5-T1.csproj", "{F6FD9A32-C106-4D20-A4C1-E72C14ACE707}"
EndProject
Project("{9A19103F-16F7-4668-BE54-9A1E7A4F7556}") = "N5-T2", "N5-T2\N5-T2.csproj", "{5D0B3323-7DC6-4B5D-B355-B8384727F841}"
EndProject
Project("{2150E333-8FDC-42A3-9474-1A3956D46DE8}") = "HomeTask-5", "HomeTask-5", "{E25179B4-27BB-490C-86AD-5C2A033AB601}"
EndProject
Project("{9A19103F-16F7-4668-BE54-9A1E7A4F7556}") = "N5-HT1", "HT5-1\N5-HT1.csproj", "{20F2C965-2D29-4780-A4E1-ED08495D9560}"
EndProject
Project("{9A19103F-16F7-4668-BE54-9A1E7A4F7556}") = "N5-HT2", "HT5-2\N5-HT2.csproj", "{E7A59A25-89E5-4EAA-B429-C218AD02B89C}"
EndProject
Project("{9A19103F-16F7-4668-BE54-9A1E7A4F7556}") = "N4-HT2", "HT4-2\N4-HT2.csproj", "{3B3A687C-1298-40A7-83C4-5A1402E6D74C}"
EndProject
Project("{2150E333-8FDC-42A3-9474-1A3956D46DE8}") = "N6", "N6", "{DA3EEB49-7F83-42B0-801D-EB4B582B301E}"
EndProject
Project("{2150E333-8FDC-42A3-9474-1A3956D46DE8}") = "Tasks", "Tasks", "{BEDDC9F2-CD30-4B60-B0DC-EA764EA27097}"
EndProject
Project("{9A19103F-16F7-4668-BE54-9A1E7A4F7556}") = "N6-T1", "N6-T1\N6-T1.csproj", "{A9F20B42-CA53-46F8-9D08-C600A37878BF}"
EndProject
Project("{2150E333-8FDC-42A3-9474-1A3956D46DE8}") = "N7", "N7", "{CBDEADFF-DB6E-43FF-8836-16A5329DA867}"
EndProject
Project("{2150E333-8FDC-42A3-9474-1A3956D46DE8}") = "Tasks", "Tasks", "{A5F94C2C-1702-47DA-951D-95B03FE1780B}"
EndProject
Project("{9A19103F-16F7-4668-BE54-9A1E7A4F7556}") = "N7-T1", "N7-T1\N7-T1.csproj", "{CBD5597C-A4CF-4482-A775-6D97FBBB08E4}"
EndProject
Project("{2150E333-8FDC-42A3-9474-1A3956D46DE8}") = "N8", "N8", "{6547BBED-5EB6-4A80-B10C-4B783A178DF1}"
EndProject
Project("{2150E333-8FDC-42A3-9474-1A3956D46DE8}") = "Tasks", "Tasks", "{69F6D563-E736-48D8-A7B9-069E889CDBEF}"
EndProject
Project("{9A19103F-16F7-4668-BE54-9A1E7A4F7556}") = "N8-T1", "N8-T1\N8-T1.csproj", "{CC54953F-0B78-45B0-9D0E-29EE5418B21D}"
EndProject
Project("{2150E333-8FDC-42A3-9474-1A3956D46DE8}") = "HomeTask-8", "HomeTask-8", "{033B4872-665D-4695-9132-FCA2FBD93D56}"
EndProject
Project("{9A19103F-16F7-4668-BE54-9A1E7A4F7556}") = "N8-HT1", "HT8-1\N8-HT1.csproj", "{6B3874B3-B289-4DC0-AB87-E4D9A387221A}"
EndProject
Project("{2150E333-8FDC-42A3-9474-1A3956D46DE8}") = "N9", "N9", "{4598CE9E-4302-4DB8-AE9B-F2C1AE1584A3}"
EndProject
Project("{2150E333-8FDC-42A3-9474-1A3956D46DE8}") = "HomeTask-9", "HomeTask-9", "{32140A16-68FA-45F2-8D40-533B26E72721}"
EndProject
Project("{9A19103F-16F7-4668-BE54-9A1E7A4F7556}") = "N9-HT1", "N9-HT1\N9-HT1.csproj", "{3281CFD7-D2B0-401B-97A4-6677AB3A65CA}"
EndProject
Project("{9A19103F-16F7-4668-BE54-9A1E7A4F7556}") = "N9-HT2", "N9-HT2\N9-HT2.csproj", "{F06FE89E-2E13-415D-A597-EE8CDB4A35E7}"
EndProject
Project("{2150E333-8FDC-42A3-9474-1A3956D46DE8}") = "N10", "N10", "{5F2668B2-7334-49DE-8066-FC7978BF4BD2}"
EndProject
Project("{2150E333-8FDC-42A3-9474-1A3956D46DE8}") = "Tasks", "Tasks", "{7085A25A-89CA-46A9-B7BD-6A7062DCDEBE}"
EndProject
Project("{9A19103F-16F7-4668-BE54-9A1E7A4F7556}") = "N10-T1", "N10-T1\N10-T1.csproj", "{D61EA405-E8E7-4C2C-BAAB-EF5696E6DB55}"
EndProject
Project("{9A19103F-16F7-4668-BE54-9A1E7A4F7556}") = "N10-T2", "N10-T2\N10-T2.csproj", "{77900D67-7D2D-4AA3-9E6E-B68DEFB92AFF}"
EndProject
Project("{9A19103F-16F7-4668-BE54-9A1E7A4F7556}") = "N10-T3", "N10-T3\N10-T3.csproj", "{0972398B-D9DE-47B1-8542-FC7AFA6F3B3C}"
EndProject
Project("{2150E333-8FDC-42A3-9474-1A3956D46DE8}") = "HomeTask-10", "HomeTask-10", "{7117BB65-5C9B-47EB-B45B-C6ACD5B0C11A}"
EndProject
Project("{2150E333-8FDC-42A3-9474-1A3956D46DE8}") = "N12", "N12", "{15C94745-1D2A-4E20-ABD9-27DF9807AF93}"
EndProject
Project("{2150E333-8FDC-42A3-9474-1A3956D46DE8}") = "Tasks", "Tasks", "{2975A7C4-4A47-41C0-9436-9B47F7FD2857}"
EndProject
Project("{9A19103F-16F7-4668-BE54-9A1E7A4F7556}") = "N12-T1", "N12-T1\N12-T1.csproj", "{43E5CBFA-EC56-4D12-AA16-F2C48A0A9C2E}"
EndProject
Project("{9A19103F-16F7-4668-BE54-9A1E7A4F7556}") = "N12-T2", "N12-T2\N12-T2.csproj", "{86747A14-D6FD-4C7F-BF4E-8BCDC3307430}"
EndProject
Project("{2150E333-8FDC-42A3-9474-1A3956D46DE8}") = "HomeTask-12", "HomeTask-12", "{6D54337C-E6F0-4B98-9D0B-FC56F250C10A}"
EndProject
Project("{FAE04EC0-301F-11D3-BF4B-00C04F79EFBC}") = "N12-HT1", "HT12-T1\N12-HT1.csproj", "{4B027169-FE94-4D67-B965-93F579B0D125}"
EndProject
Project("{FAE04EC0-301F-11D3-BF4B-00C04F79EFBC}") = "N12-HT2", "N12-HT2\N12-HT2.csproj", "{4C7B60AB-D452-4DDD-894E-24980F6F9C6D}"
EndProject
Global
	GlobalSection(SolutionConfigurationPlatforms) = preSolution
		Debug|Any CPU = Debug|Any CPU
		Release|Any CPU = Release|Any CPU
	EndGlobalSection
	GlobalSection(ProjectConfigurationPlatforms) = postSolution
		{A9AD3370-8334-46CB-833A-1D276A696A86}.Debug|Any CPU.ActiveCfg = Debug|Any CPU
		{A9AD3370-8334-46CB-833A-1D276A696A86}.Debug|Any CPU.Build.0 = Debug|Any CPU
		{A9AD3370-8334-46CB-833A-1D276A696A86}.Release|Any CPU.ActiveCfg = Release|Any CPU
		{A9AD3370-8334-46CB-833A-1D276A696A86}.Release|Any CPU.Build.0 = Release|Any CPU
		{8891DDF2-83B4-43AA-B651-D5740054E234}.Debug|Any CPU.ActiveCfg = Debug|Any CPU
		{8891DDF2-83B4-43AA-B651-D5740054E234}.Debug|Any CPU.Build.0 = Debug|Any CPU
		{8891DDF2-83B4-43AA-B651-D5740054E234}.Release|Any CPU.ActiveCfg = Release|Any CPU
		{8891DDF2-83B4-43AA-B651-D5740054E234}.Release|Any CPU.Build.0 = Release|Any CPU
		{4CD7FC73-ADA5-4D63-AF6A-BF4FD2A9D062}.Debug|Any CPU.ActiveCfg = Debug|Any CPU
		{4CD7FC73-ADA5-4D63-AF6A-BF4FD2A9D062}.Debug|Any CPU.Build.0 = Debug|Any CPU
		{4CD7FC73-ADA5-4D63-AF6A-BF4FD2A9D062}.Release|Any CPU.ActiveCfg = Release|Any CPU
		{4CD7FC73-ADA5-4D63-AF6A-BF4FD2A9D062}.Release|Any CPU.Build.0 = Release|Any CPU
		{0F074353-BE03-4B6C-BF41-031570F99B95}.Debug|Any CPU.ActiveCfg = Debug|Any CPU
		{0F074353-BE03-4B6C-BF41-031570F99B95}.Debug|Any CPU.Build.0 = Debug|Any CPU
		{0F074353-BE03-4B6C-BF41-031570F99B95}.Release|Any CPU.ActiveCfg = Release|Any CPU
		{0F074353-BE03-4B6C-BF41-031570F99B95}.Release|Any CPU.Build.0 = Release|Any CPU
		{6EA1D187-FADC-4937-A643-394FE9F5EEF9}.Debug|Any CPU.ActiveCfg = Debug|Any CPU
		{6EA1D187-FADC-4937-A643-394FE9F5EEF9}.Debug|Any CPU.Build.0 = Debug|Any CPU
		{6EA1D187-FADC-4937-A643-394FE9F5EEF9}.Release|Any CPU.ActiveCfg = Release|Any CPU
		{6EA1D187-FADC-4937-A643-394FE9F5EEF9}.Release|Any CPU.Build.0 = Release|Any CPU
		{EDFBB8EE-D0A1-4BB5-814D-D87E98DBA44A}.Debug|Any CPU.ActiveCfg = Debug|Any CPU
		{EDFBB8EE-D0A1-4BB5-814D-D87E98DBA44A}.Debug|Any CPU.Build.0 = Debug|Any CPU
		{EDFBB8EE-D0A1-4BB5-814D-D87E98DBA44A}.Release|Any CPU.ActiveCfg = Release|Any CPU
		{EDFBB8EE-D0A1-4BB5-814D-D87E98DBA44A}.Release|Any CPU.Build.0 = Release|Any CPU
		{4BB4C113-27E8-4A17-B7E1-883FF31292E6}.Debug|Any CPU.ActiveCfg = Debug|Any CPU
		{4BB4C113-27E8-4A17-B7E1-883FF31292E6}.Debug|Any CPU.Build.0 = Debug|Any CPU
		{4BB4C113-27E8-4A17-B7E1-883FF31292E6}.Release|Any CPU.ActiveCfg = Release|Any CPU
		{4BB4C113-27E8-4A17-B7E1-883FF31292E6}.Release|Any CPU.Build.0 = Release|Any CPU
		{B3DEE115-EE3B-4E0B-81C3-D1FDE8F58F2B}.Debug|Any CPU.ActiveCfg = Debug|Any CPU
		{B3DEE115-EE3B-4E0B-81C3-D1FDE8F58F2B}.Debug|Any CPU.Build.0 = Debug|Any CPU
		{B3DEE115-EE3B-4E0B-81C3-D1FDE8F58F2B}.Release|Any CPU.ActiveCfg = Release|Any CPU
		{B3DEE115-EE3B-4E0B-81C3-D1FDE8F58F2B}.Release|Any CPU.Build.0 = Release|Any CPU
		{A38C2EAF-DEE5-43A2-AED1-9A23FC3563A2}.Debug|Any CPU.ActiveCfg = Debug|Any CPU
		{A38C2EAF-DEE5-43A2-AED1-9A23FC3563A2}.Debug|Any CPU.Build.0 = Debug|Any CPU
		{A38C2EAF-DEE5-43A2-AED1-9A23FC3563A2}.Release|Any CPU.ActiveCfg = Release|Any CPU
		{A38C2EAF-DEE5-43A2-AED1-9A23FC3563A2}.Release|Any CPU.Build.0 = Release|Any CPU
		{2AC47D90-D8E0-4B92-99DA-A1F890A35B2E}.Debug|Any CPU.ActiveCfg = Debug|Any CPU
		{2AC47D90-D8E0-4B92-99DA-A1F890A35B2E}.Debug|Any CPU.Build.0 = Debug|Any CPU
		{2AC47D90-D8E0-4B92-99DA-A1F890A35B2E}.Release|Any CPU.ActiveCfg = Release|Any CPU
		{2AC47D90-D8E0-4B92-99DA-A1F890A35B2E}.Release|Any CPU.Build.0 = Release|Any CPU
		{F8057E09-EABD-415C-BAC1-B66ABDA219CF}.Debug|Any CPU.ActiveCfg = Debug|Any CPU
		{F8057E09-EABD-415C-BAC1-B66ABDA219CF}.Debug|Any CPU.Build.0 = Debug|Any CPU
		{F8057E09-EABD-415C-BAC1-B66ABDA219CF}.Release|Any CPU.ActiveCfg = Release|Any CPU
		{F8057E09-EABD-415C-BAC1-B66ABDA219CF}.Release|Any CPU.Build.0 = Release|Any CPU
		{960AD0F3-448C-4D40-BD14-EBBA184EEB61}.Debug|Any CPU.ActiveCfg = Debug|Any CPU
		{960AD0F3-448C-4D40-BD14-EBBA184EEB61}.Debug|Any CPU.Build.0 = Debug|Any CPU
		{960AD0F3-448C-4D40-BD14-EBBA184EEB61}.Release|Any CPU.ActiveCfg = Release|Any CPU
		{960AD0F3-448C-4D40-BD14-EBBA184EEB61}.Release|Any CPU.Build.0 = Release|Any CPU
		{92E71F8A-591A-4164-9A24-6160283F9C5E}.Debug|Any CPU.ActiveCfg = Debug|Any CPU
		{92E71F8A-591A-4164-9A24-6160283F9C5E}.Debug|Any CPU.Build.0 = Debug|Any CPU
		{92E71F8A-591A-4164-9A24-6160283F9C5E}.Release|Any CPU.ActiveCfg = Release|Any CPU
		{92E71F8A-591A-4164-9A24-6160283F9C5E}.Release|Any CPU.Build.0 = Release|Any CPU
		{F6FD9A32-C106-4D20-A4C1-E72C14ACE707}.Debug|Any CPU.ActiveCfg = Debug|Any CPU
		{F6FD9A32-C106-4D20-A4C1-E72C14ACE707}.Debug|Any CPU.Build.0 = Debug|Any CPU
		{F6FD9A32-C106-4D20-A4C1-E72C14ACE707}.Release|Any CPU.ActiveCfg = Release|Any CPU
		{F6FD9A32-C106-4D20-A4C1-E72C14ACE707}.Release|Any CPU.Build.0 = Release|Any CPU
		{5D0B3323-7DC6-4B5D-B355-B8384727F841}.Debug|Any CPU.ActiveCfg = Debug|Any CPU
		{5D0B3323-7DC6-4B5D-B355-B8384727F841}.Debug|Any CPU.Build.0 = Debug|Any CPU
		{5D0B3323-7DC6-4B5D-B355-B8384727F841}.Release|Any CPU.ActiveCfg = Release|Any CPU
		{5D0B3323-7DC6-4B5D-B355-B8384727F841}.Release|Any CPU.Build.0 = Release|Any CPU
		{20F2C965-2D29-4780-A4E1-ED08495D9560}.Debug|Any CPU.ActiveCfg = Debug|Any CPU
		{20F2C965-2D29-4780-A4E1-ED08495D9560}.Debug|Any CPU.Build.0 = Debug|Any CPU
		{20F2C965-2D29-4780-A4E1-ED08495D9560}.Release|Any CPU.ActiveCfg = Release|Any CPU
		{20F2C965-2D29-4780-A4E1-ED08495D9560}.Release|Any CPU.Build.0 = Release|Any CPU
		{E7A59A25-89E5-4EAA-B429-C218AD02B89C}.Debug|Any CPU.ActiveCfg = Debug|Any CPU
		{E7A59A25-89E5-4EAA-B429-C218AD02B89C}.Debug|Any CPU.Build.0 = Debug|Any CPU
		{E7A59A25-89E5-4EAA-B429-C218AD02B89C}.Release|Any CPU.ActiveCfg = Release|Any CPU
		{E7A59A25-89E5-4EAA-B429-C218AD02B89C}.Release|Any CPU.Build.0 = Release|Any CPU
		{3B3A687C-1298-40A7-83C4-5A1402E6D74C}.Debug|Any CPU.ActiveCfg = Debug|Any CPU
		{3B3A687C-1298-40A7-83C4-5A1402E6D74C}.Debug|Any CPU.Build.0 = Debug|Any CPU
		{3B3A687C-1298-40A7-83C4-5A1402E6D74C}.Release|Any CPU.ActiveCfg = Release|Any CPU
		{3B3A687C-1298-40A7-83C4-5A1402E6D74C}.Release|Any CPU.Build.0 = Release|Any CPU
		{A9F20B42-CA53-46F8-9D08-C600A37878BF}.Debug|Any CPU.ActiveCfg = Debug|Any CPU
		{A9F20B42-CA53-46F8-9D08-C600A37878BF}.Debug|Any CPU.Build.0 = Debug|Any CPU
		{A9F20B42-CA53-46F8-9D08-C600A37878BF}.Release|Any CPU.ActiveCfg = Release|Any CPU
		{A9F20B42-CA53-46F8-9D08-C600A37878BF}.Release|Any CPU.Build.0 = Release|Any CPU
		{CBD5597C-A4CF-4482-A775-6D97FBBB08E4}.Debug|Any CPU.ActiveCfg = Debug|Any CPU
		{CBD5597C-A4CF-4482-A775-6D97FBBB08E4}.Debug|Any CPU.Build.0 = Debug|Any CPU
		{CBD5597C-A4CF-4482-A775-6D97FBBB08E4}.Release|Any CPU.ActiveCfg = Release|Any CPU
		{CBD5597C-A4CF-4482-A775-6D97FBBB08E4}.Release|Any CPU.Build.0 = Release|Any CPU
		{CC54953F-0B78-45B0-9D0E-29EE5418B21D}.Debug|Any CPU.ActiveCfg = Debug|Any CPU
		{CC54953F-0B78-45B0-9D0E-29EE5418B21D}.Debug|Any CPU.Build.0 = Debug|Any CPU
		{CC54953F-0B78-45B0-9D0E-29EE5418B21D}.Release|Any CPU.ActiveCfg = Release|Any CPU
		{CC54953F-0B78-45B0-9D0E-29EE5418B21D}.Release|Any CPU.Build.0 = Release|Any CPU
		{6B3874B3-B289-4DC0-AB87-E4D9A387221A}.Debug|Any CPU.ActiveCfg = Debug|Any CPU
		{6B3874B3-B289-4DC0-AB87-E4D9A387221A}.Debug|Any CPU.Build.0 = Debug|Any CPU
		{6B3874B3-B289-4DC0-AB87-E4D9A387221A}.Release|Any CPU.ActiveCfg = Release|Any CPU
		{6B3874B3-B289-4DC0-AB87-E4D9A387221A}.Release|Any CPU.Build.0 = Release|Any CPU
		{3281CFD7-D2B0-401B-97A4-6677AB3A65CA}.Debug|Any CPU.ActiveCfg = Debug|Any CPU
		{3281CFD7-D2B0-401B-97A4-6677AB3A65CA}.Debug|Any CPU.Build.0 = Debug|Any CPU
		{3281CFD7-D2B0-401B-97A4-6677AB3A65CA}.Release|Any CPU.ActiveCfg = Release|Any CPU
		{3281CFD7-D2B0-401B-97A4-6677AB3A65CA}.Release|Any CPU.Build.0 = Release|Any CPU
		{F06FE89E-2E13-415D-A597-EE8CDB4A35E7}.Debug|Any CPU.ActiveCfg = Debug|Any CPU
		{F06FE89E-2E13-415D-A597-EE8CDB4A35E7}.Debug|Any CPU.Build.0 = Debug|Any CPU
		{F06FE89E-2E13-415D-A597-EE8CDB4A35E7}.Release|Any CPU.ActiveCfg = Release|Any CPU
		{F06FE89E-2E13-415D-A597-EE8CDB4A35E7}.Release|Any CPU.Build.0 = Release|Any CPU
		{D61EA405-E8E7-4C2C-BAAB-EF5696E6DB55}.Debug|Any CPU.ActiveCfg = Debug|Any CPU
		{D61EA405-E8E7-4C2C-BAAB-EF5696E6DB55}.Debug|Any CPU.Build.0 = Debug|Any CPU
		{D61EA405-E8E7-4C2C-BAAB-EF5696E6DB55}.Release|Any CPU.ActiveCfg = Release|Any CPU
		{D61EA405-E8E7-4C2C-BAAB-EF5696E6DB55}.Release|Any CPU.Build.0 = Release|Any CPU
		{77900D67-7D2D-4AA3-9E6E-B68DEFB92AFF}.Debug|Any CPU.ActiveCfg = Debug|Any CPU
		{77900D67-7D2D-4AA3-9E6E-B68DEFB92AFF}.Debug|Any CPU.Build.0 = Debug|Any CPU
		{77900D67-7D2D-4AA3-9E6E-B68DEFB92AFF}.Release|Any CPU.ActiveCfg = Release|Any CPU
		{77900D67-7D2D-4AA3-9E6E-B68DEFB92AFF}.Release|Any CPU.Build.0 = Release|Any CPU
		{0972398B-D9DE-47B1-8542-FC7AFA6F3B3C}.Debug|Any CPU.ActiveCfg = Debug|Any CPU
		{0972398B-D9DE-47B1-8542-FC7AFA6F3B3C}.Debug|Any CPU.Build.0 = Debug|Any CPU
		{0972398B-D9DE-47B1-8542-FC7AFA6F3B3C}.Release|Any CPU.ActiveCfg = Release|Any CPU
		{0972398B-D9DE-47B1-8542-FC7AFA6F3B3C}.Release|Any CPU.Build.0 = Release|Any CPU
		{43E5CBFA-EC56-4D12-AA16-F2C48A0A9C2E}.Debug|Any CPU.ActiveCfg = Debug|Any CPU
		{43E5CBFA-EC56-4D12-AA16-F2C48A0A9C2E}.Debug|Any CPU.Build.0 = Debug|Any CPU
		{43E5CBFA-EC56-4D12-AA16-F2C48A0A9C2E}.Release|Any CPU.ActiveCfg = Release|Any CPU
		{43E5CBFA-EC56-4D12-AA16-F2C48A0A9C2E}.Release|Any CPU.Build.0 = Release|Any CPU
		{86747A14-D6FD-4C7F-BF4E-8BCDC3307430}.Debug|Any CPU.ActiveCfg = Debug|Any CPU
		{86747A14-D6FD-4C7F-BF4E-8BCDC3307430}.Debug|Any CPU.Build.0 = Debug|Any CPU
		{86747A14-D6FD-4C7F-BF4E-8BCDC3307430}.Release|Any CPU.ActiveCfg = Release|Any CPU
		{86747A14-D6FD-4C7F-BF4E-8BCDC3307430}.Release|Any CPU.Build.0 = Release|Any CPU
		{4B027169-FE94-4D67-B965-93F579B0D125}.Debug|Any CPU.ActiveCfg = Debug|Any CPU
		{4B027169-FE94-4D67-B965-93F579B0D125}.Debug|Any CPU.Build.0 = Debug|Any CPU
		{4B027169-FE94-4D67-B965-93F579B0D125}.Release|Any CPU.ActiveCfg = Release|Any CPU
		{4B027169-FE94-4D67-B965-93F579B0D125}.Release|Any CPU.Build.0 = Release|Any CPU
		{4C7B60AB-D452-4DDD-894E-24980F6F9C6D}.Debug|Any CPU.ActiveCfg = Debug|Any CPU
		{4C7B60AB-D452-4DDD-894E-24980F6F9C6D}.Debug|Any CPU.Build.0 = Debug|Any CPU
		{4C7B60AB-D452-4DDD-894E-24980F6F9C6D}.Release|Any CPU.ActiveCfg = Release|Any CPU
		{4C7B60AB-D452-4DDD-894E-24980F6F9C6D}.Release|Any CPU.Build.0 = Release|Any CPU
	EndGlobalSection
	GlobalSection(SolutionProperties) = preSolution
		HideSolutionNode = FALSE
	EndGlobalSection
	GlobalSection(NestedProjects) = preSolution
		{A9AD3370-8334-46CB-833A-1D276A696A86} = {997F9FDB-FECE-41B9-946D-C49E9743EA42}
		{F5454088-E22D-4011-8B78-DE04A6D2C0B1} = {997F9FDB-FECE-41B9-946D-C49E9743EA42}
		{8891DDF2-83B4-43AA-B651-D5740054E234} = {F5454088-E22D-4011-8B78-DE04A6D2C0B1}
		{4CD7FC73-ADA5-4D63-AF6A-BF4FD2A9D062} = {D25D492B-4564-4B40-8393-49D3A2FE7FCF}
		{2A43FBB8-B5C0-4F81-87D1-C6E719357E9F} = {D25D492B-4564-4B40-8393-49D3A2FE7FCF}
		{0F074353-BE03-4B6C-BF41-031570F99B95} = {2A43FBB8-B5C0-4F81-87D1-C6E719357E9F}
		{6EA1D187-FADC-4937-A643-394FE9F5EEF9} = {2A43FBB8-B5C0-4F81-87D1-C6E719357E9F}
		{EDFBB8EE-D0A1-4BB5-814D-D87E98DBA44A} = {2A43FBB8-B5C0-4F81-87D1-C6E719357E9F}
		{4BB4C113-27E8-4A17-B7E1-883FF31292E6} = {2A43FBB8-B5C0-4F81-87D1-C6E719357E9F}
		{B3DEE115-EE3B-4E0B-81C3-D1FDE8F58F2B} = {2A43FBB8-B5C0-4F81-87D1-C6E719357E9F}
		{BFC692B3-0F8A-4715-86C1-399EE621D475} = {D25D492B-4564-4B40-8393-49D3A2FE7FCF}
		{A38C2EAF-DEE5-43A2-AED1-9A23FC3563A2} = {BFC692B3-0F8A-4715-86C1-399EE621D475}
		{333619A8-F921-462A-AB95-91280F7F0048} = {F146C882-414E-459D-ACB8-53DFD92388F6}
		{2AC47D90-D8E0-4B92-99DA-A1F890A35B2E} = {333619A8-F921-462A-AB95-91280F7F0048}
		{F8057E09-EABD-415C-BAC1-B66ABDA219CF} = {333619A8-F921-462A-AB95-91280F7F0048}
		{960AD0F3-448C-4D40-BD14-EBBA184EEB61} = {BFC692B3-0F8A-4715-86C1-399EE621D475}
		{C207970F-25F8-4F89-B232-BBDE1DC10B9E} = {F146C882-414E-459D-ACB8-53DFD92388F6}
		{92E71F8A-591A-4164-9A24-6160283F9C5E} = {C207970F-25F8-4F89-B232-BBDE1DC10B9E}
		{87F16DB4-7553-4161-8971-CACCB130EE6E} = {B9382292-DE43-468E-AC1C-31754099347D}
		{F6FD9A32-C106-4D20-A4C1-E72C14ACE707} = {87F16DB4-7553-4161-8971-CACCB130EE6E}
		{5D0B3323-7DC6-4B5D-B355-B8384727F841} = {87F16DB4-7553-4161-8971-CACCB130EE6E}
		{E25179B4-27BB-490C-86AD-5C2A033AB601} = {B9382292-DE43-468E-AC1C-31754099347D}
		{20F2C965-2D29-4780-A4E1-ED08495D9560} = {E25179B4-27BB-490C-86AD-5C2A033AB601}
		{E7A59A25-89E5-4EAA-B429-C218AD02B89C} = {E25179B4-27BB-490C-86AD-5C2A033AB601}
		{3B3A687C-1298-40A7-83C4-5A1402E6D74C} = {C207970F-25F8-4F89-B232-BBDE1DC10B9E}
		{BEDDC9F2-CD30-4B60-B0DC-EA764EA27097} = {DA3EEB49-7F83-42B0-801D-EB4B582B301E}
		{A9F20B42-CA53-46F8-9D08-C600A37878BF} = {BEDDC9F2-CD30-4B60-B0DC-EA764EA27097}
		{A5F94C2C-1702-47DA-951D-95B03FE1780B} = {CBDEADFF-DB6E-43FF-8836-16A5329DA867}
		{CBD5597C-A4CF-4482-A775-6D97FBBB08E4} = {A5F94C2C-1702-47DA-951D-95B03FE1780B}
		{69F6D563-E736-48D8-A7B9-069E889CDBEF} = {6547BBED-5EB6-4A80-B10C-4B783A178DF1}
		{CC54953F-0B78-45B0-9D0E-29EE5418B21D} = {69F6D563-E736-48D8-A7B9-069E889CDBEF}
		{033B4872-665D-4695-9132-FCA2FBD93D56} = {6547BBED-5EB6-4A80-B10C-4B783A178DF1}
		{6B3874B3-B289-4DC0-AB87-E4D9A387221A} = {033B4872-665D-4695-9132-FCA2FBD93D56}
		{32140A16-68FA-45F2-8D40-533B26E72721} = {4598CE9E-4302-4DB8-AE9B-F2C1AE1584A3}
		{3281CFD7-D2B0-401B-97A4-6677AB3A65CA} = {32140A16-68FA-45F2-8D40-533B26E72721}
		{F06FE89E-2E13-415D-A597-EE8CDB4A35E7} = {32140A16-68FA-45F2-8D40-533B26E72721}
		{7085A25A-89CA-46A9-B7BD-6A7062DCDEBE} = {5F2668B2-7334-49DE-8066-FC7978BF4BD2}
		{D61EA405-E8E7-4C2C-BAAB-EF5696E6DB55} = {7085A25A-89CA-46A9-B7BD-6A7062DCDEBE}
		{77900D67-7D2D-4AA3-9E6E-B68DEFB92AFF} = {7085A25A-89CA-46A9-B7BD-6A7062DCDEBE}
		{0972398B-D9DE-47B1-8542-FC7AFA6F3B3C} = {7085A25A-89CA-46A9-B7BD-6A7062DCDEBE}
		{7117BB65-5C9B-47EB-B45B-C6ACD5B0C11A} = {5F2668B2-7334-49DE-8066-FC7978BF4BD2}
		{2975A7C4-4A47-41C0-9436-9B47F7FD2857} = {15C94745-1D2A-4E20-ABD9-27DF9807AF93}
		{43E5CBFA-EC56-4D12-AA16-F2C48A0A9C2E} = {2975A7C4-4A47-41C0-9436-9B47F7FD2857}
		{86747A14-D6FD-4C7F-BF4E-8BCDC3307430} = {2975A7C4-4A47-41C0-9436-9B47F7FD2857}
		{6D54337C-E6F0-4B98-9D0B-FC56F250C10A} = {15C94745-1D2A-4E20-ABD9-27DF9807AF93}
		{4B027169-FE94-4D67-B965-93F579B0D125} = {6D54337C-E6F0-4B98-9D0B-FC56F250C10A}
		{4C7B60AB-D452-4DDD-894E-24980F6F9C6D} = {6D54337C-E6F0-4B98-9D0B-FC56F250C10A}
	EndGlobalSection
	GlobalSection(ExtensibilityGlobals) = postSolution
		SolutionGuid = {FC9C8A10-4CD0-4AA7-A1D8-8C70C503D34F}
	EndGlobalSection
EndGlobal
