
Microsoft Visual Studio Solution File, Format Version 12.00
# Visual Studio Version 17
VisualStudioVersion = 17.6.33815.320
MinimumVisualStudioVersion = 10.0.40219.1
Project("{2150E333-8FDC-42A3-9474-1A3956D46DE8}") = "N1", "N1", "{997F9FDB-FECE-41B9-946D-C49E9743EA42}"
EndProject
Project("{9A19103F-16F7-4668-BE54-9A1E7A4F7556}") = "N1", "N1\N1.csproj", "{A9AD3370-8334-46CB-833A-1D276A696A86}"
EndProject
Project("{2150E333-8FDC-42A3-9474-1A3956D46DE8}") = "HomeTask-1", "HomeTask-1", "{F5454088-E22D-4011-8B78-DE04A6D2C0B1}"
EndProject
Project("{9A19103F-16F7-4668-BE54-9A1E7A4F7556}") = "HT1-1", "HomeTask-1\HT1-1.csproj", "{8891DDF2-83B4-43AA-B651-D5740054E234}"
EndProject
Project("{2150E333-8FDC-42A3-9474-1A3956D46DE8}") = "N3", "N3", "{D25D492B-4564-4B40-8393-49D3A2FE7FCF}"
EndProject
Project("{9A19103F-16F7-4668-BE54-9A1E7A4F7556}") = "Test-1", "Test-1\Test-1.csproj", "{4CD7FC73-ADA5-4D63-AF6A-BF4FD2A9D062}"
EndProject
Project("{2150E333-8FDC-42A3-9474-1A3956D46DE8}") = "Tasks", "Tasks", "{2A43FBB8-B5C0-4F81-87D1-C6E719357E9F}"
EndProject
Project("{9A19103F-16F7-4668-BE54-9A1E7A4F7556}") = "T1", "T1\T1.csproj", "{0F074353-BE03-4B6C-BF41-031570F99B95}"
EndProject
Project("{9A19103F-16F7-4668-BE54-9A1E7A4F7556}") = "T2", "T2\T2.csproj", "{6EA1D187-FADC-4937-A643-394FE9F5EEF9}"
EndProject
Project("{9A19103F-16F7-4668-BE54-9A1E7A4F7556}") = "T3", "T3\T3.csproj", "{EDFBB8EE-D0A1-4BB5-814D-D87E98DBA44A}"
EndProject
Project("{9A19103F-16F7-4668-BE54-9A1E7A4F7556}") = "T4", "T4\T4.csproj", "{4BB4C113-27E8-4A17-B7E1-883FF31292E6}"
EndProject
Project("{9A19103F-16F7-4668-BE54-9A1E7A4F7556}") = "T5", "T5\T5.csproj", "{B3DEE115-EE3B-4E0B-81C3-D1FDE8F58F2B}"
EndProject
Project("{2150E333-8FDC-42A3-9474-1A3956D46DE8}") = "HomeTask-3", "HomeTask-3", "{BFC692B3-0F8A-4715-86C1-399EE621D475}"
EndProject
Project("{9A19103F-16F7-4668-BE54-9A1E7A4F7556}") = "HT3-1", "HT1\HT3-1.csproj", "{A38C2EAF-DEE5-43A2-AED1-9A23FC3563A2}"
EndProject
Project("{2150E333-8FDC-42A3-9474-1A3956D46DE8}") = "N2", "N2", "{7D77A206-4708-41CC-89A7-807F1997EE85}"
EndProject
Project("{2150E333-8FDC-42A3-9474-1A3956D46DE8}") = "N4", "N4", "{F146C882-414E-459D-ACB8-53DFD92388F6}"
EndProject
Project("{2150E333-8FDC-42A3-9474-1A3956D46DE8}") = "Task", "Task", "{333619A8-F921-462A-AB95-91280F7F0048}"
EndProject
Project("{9A19103F-16F7-4668-BE54-9A1E7A4F7556}") = "T1-P", "T1-P\T1-P.csproj", "{2AC47D90-D8E0-4B92-99DA-A1F890A35B2E}"
EndProject
Project("{9A19103F-16F7-4668-BE54-9A1E7A4F7556}") = "T2-P", "T2-P\T2-P.csproj", "{F8057E09-EABD-415C-BAC1-B66ABDA219CF}"
EndProject
Project("{FAE04EC0-301F-11D3-BF4B-00C04F79EFBC}") = "HT3-2", "HT2\HT3-2.csproj", "{960AD0F3-448C-4D40-BD14-EBBA184EEB61}"
EndProject
Project("{2150E333-8FDC-42A3-9474-1A3956D46DE8}") = "HomeTask-4", "HomeTask-4", "{C207970F-25F8-4F89-B232-BBDE1DC10B9E}"
EndProject
Project("{FAE04EC0-301F-11D3-BF4B-00C04F79EFBC}") = "HT4-1", "HT4-1\HT4-1.csproj", "{92E71F8A-591A-4164-9A24-6160283F9C5E}"
EndProject
Global
	GlobalSection(SolutionConfigurationPlatforms) = preSolution
		Debug|Any CPU = Debug|Any CPU
		Release|Any CPU = Release|Any CPU
	EndGlobalSection
	GlobalSection(ProjectConfigurationPlatforms) = postSolution
		{A9AD3370-8334-46CB-833A-1D276A696A86}.Debug|Any CPU.ActiveCfg = Debug|Any CPU
		{A9AD3370-8334-46CB-833A-1D276A696A86}.Debug|Any CPU.Build.0 = Debug|Any CPU
		{A9AD3370-8334-46CB-833A-1D276A696A86}.Release|Any CPU.ActiveCfg = Release|Any CPU
		{A9AD3370-8334-46CB-833A-1D276A696A86}.Release|Any CPU.Build.0 = Release|Any CPU
		{8891DDF2-83B4-43AA-B651-D5740054E234}.Debug|Any CPU.ActiveCfg = Debug|Any CPU
		{8891DDF2-83B4-43AA-B651-D5740054E234}.Debug|Any CPU.Build.0 = Debug|Any CPU
		{8891DDF2-83B4-43AA-B651-D5740054E234}.Release|Any CPU.ActiveCfg = Release|Any CPU
		{8891DDF2-83B4-43AA-B651-D5740054E234}.Release|Any CPU.Build.0 = Release|Any CPU
		{4CD7FC73-ADA5-4D63-AF6A-BF4FD2A9D062}.Debug|Any CPU.ActiveCfg = Debug|Any CPU
		{4CD7FC73-ADA5-4D63-AF6A-BF4FD2A9D062}.Debug|Any CPU.Build.0 = Debug|Any CPU
		{4CD7FC73-ADA5-4D63-AF6A-BF4FD2A9D062}.Release|Any CPU.ActiveCfg = Release|Any CPU
		{4CD7FC73-ADA5-4D63-AF6A-BF4FD2A9D062}.Release|Any CPU.Build.0 = Release|Any CPU
		{0F074353-BE03-4B6C-BF41-031570F99B95}.Debug|Any CPU.ActiveCfg = Debug|Any CPU
		{0F074353-BE03-4B6C-BF41-031570F99B95}.Debug|Any CPU.Build.0 = Debug|Any CPU
		{0F074353-BE03-4B6C-BF41-031570F99B95}.Release|Any CPU.ActiveCfg = Release|Any CPU
		{0F074353-BE03-4B6C-BF41-031570F99B95}.Release|Any CPU.Build.0 = Release|Any CPU
		{6EA1D187-FADC-4937-A643-394FE9F5EEF9}.Debug|Any CPU.ActiveCfg = Debug|Any CPU
		{6EA1D187-FADC-4937-A643-394FE9F5EEF9}.Debug|Any CPU.Build.0 = Debug|Any CPU
		{6EA1D187-FADC-4937-A643-394FE9F5EEF9}.Release|Any CPU.ActiveCfg = Release|Any CPU
		{6EA1D187-FADC-4937-A643-394FE9F5EEF9}.Release|Any CPU.Build.0 = Release|Any CPU
		{EDFBB8EE-D0A1-4BB5-814D-D87E98DBA44A}.Debug|Any CPU.ActiveCfg = Debug|Any CPU
		{EDFBB8EE-D0A1-4BB5-814D-D87E98DBA44A}.Debug|Any CPU.Build.0 = Debug|Any CPU
		{EDFBB8EE-D0A1-4BB5-814D-D87E98DBA44A}.Release|Any CPU.ActiveCfg = Release|Any CPU
		{EDFBB8EE-D0A1-4BB5-814D-D87E98DBA44A}.Release|Any CPU.Build.0 = Release|Any CPU
		{4BB4C113-27E8-4A17-B7E1-883FF31292E6}.Debug|Any CPU.ActiveCfg = Debug|Any CPU
		{4BB4C113-27E8-4A17-B7E1-883FF31292E6}.Debug|Any CPU.Build.0 = Debug|Any CPU
		{4BB4C113-27E8-4A17-B7E1-883FF31292E6}.Release|Any CPU.ActiveCfg = Release|Any CPU
		{4BB4C113-27E8-4A17-B7E1-883FF31292E6}.Release|Any CPU.Build.0 = Release|Any CPU
		{B3DEE115-EE3B-4E0B-81C3-D1FDE8F58F2B}.Debug|Any CPU.ActiveCfg = Debug|Any CPU
		{B3DEE115-EE3B-4E0B-81C3-D1FDE8F58F2B}.Debug|Any CPU.Build.0 = Debug|Any CPU
		{B3DEE115-EE3B-4E0B-81C3-D1FDE8F58F2B}.Release|Any CPU.ActiveCfg = Release|Any CPU
		{B3DEE115-EE3B-4E0B-81C3-D1FDE8F58F2B}.Release|Any CPU.Build.0 = Release|Any CPU
		{A38C2EAF-DEE5-43A2-AED1-9A23FC3563A2}.Debug|Any CPU.ActiveCfg = Debug|Any CPU
		{A38C2EAF-DEE5-43A2-AED1-9A23FC3563A2}.Debug|Any CPU.Build.0 = Debug|Any CPU
		{A38C2EAF-DEE5-43A2-AED1-9A23FC3563A2}.Release|Any CPU.ActiveCfg = Release|Any CPU
		{A38C2EAF-DEE5-43A2-AED1-9A23FC3563A2}.Release|Any CPU.Build.0 = Release|Any CPU
		{2AC47D90-D8E0-4B92-99DA-A1F890A35B2E}.Debug|Any CPU.ActiveCfg = Debug|Any CPU
		{2AC47D90-D8E0-4B92-99DA-A1F890A35B2E}.Debug|Any CPU.Build.0 = Debug|Any CPU
		{2AC47D90-D8E0-4B92-99DA-A1F890A35B2E}.Release|Any CPU.ActiveCfg = Release|Any CPU
		{2AC47D90-D8E0-4B92-99DA-A1F890A35B2E}.Release|Any CPU.Build.0 = Release|Any CPU
		{F8057E09-EABD-415C-BAC1-B66ABDA219CF}.Debug|Any CPU.ActiveCfg = Debug|Any CPU
		{F8057E09-EABD-415C-BAC1-B66ABDA219CF}.Debug|Any CPU.Build.0 = Debug|Any CPU
		{F8057E09-EABD-415C-BAC1-B66ABDA219CF}.Release|Any CPU.ActiveCfg = Release|Any CPU
		{F8057E09-EABD-415C-BAC1-B66ABDA219CF}.Release|Any CPU.Build.0 = Release|Any CPU
		{960AD0F3-448C-4D40-BD14-EBBA184EEB61}.Debug|Any CPU.ActiveCfg = Debug|Any CPU
		{960AD0F3-448C-4D40-BD14-EBBA184EEB61}.Debug|Any CPU.Build.0 = Debug|Any CPU
		{960AD0F3-448C-4D40-BD14-EBBA184EEB61}.Release|Any CPU.ActiveCfg = Release|Any CPU
		{960AD0F3-448C-4D40-BD14-EBBA184EEB61}.Release|Any CPU.Build.0 = Release|Any CPU
		{92E71F8A-591A-4164-9A24-6160283F9C5E}.Debug|Any CPU.ActiveCfg = Debug|Any CPU
		{92E71F8A-591A-4164-9A24-6160283F9C5E}.Debug|Any CPU.Build.0 = Debug|Any CPU
		{92E71F8A-591A-4164-9A24-6160283F9C5E}.Release|Any CPU.ActiveCfg = Release|Any CPU
		{92E71F8A-591A-4164-9A24-6160283F9C5E}.Release|Any CPU.Build.0 = Release|Any CPU
	EndGlobalSection
	GlobalSection(SolutionProperties) = preSolution
		HideSolutionNode = FALSE
	EndGlobalSection
	GlobalSection(NestedProjects) = preSolution
		{A9AD3370-8334-46CB-833A-1D276A696A86} = {997F9FDB-FECE-41B9-946D-C49E9743EA42}
		{F5454088-E22D-4011-8B78-DE04A6D2C0B1} = {997F9FDB-FECE-41B9-946D-C49E9743EA42}
		{8891DDF2-83B4-43AA-B651-D5740054E234} = {F5454088-E22D-4011-8B78-DE04A6D2C0B1}
		{4CD7FC73-ADA5-4D63-AF6A-BF4FD2A9D062} = {D25D492B-4564-4B40-8393-49D3A2FE7FCF}
		{2A43FBB8-B5C0-4F81-87D1-C6E719357E9F} = {D25D492B-4564-4B40-8393-49D3A2FE7FCF}
		{0F074353-BE03-4B6C-BF41-031570F99B95} = {2A43FBB8-B5C0-4F81-87D1-C6E719357E9F}
		{6EA1D187-FADC-4937-A643-394FE9F5EEF9} = {2A43FBB8-B5C0-4F81-87D1-C6E719357E9F}
		{EDFBB8EE-D0A1-4BB5-814D-D87E98DBA44A} = {2A43FBB8-B5C0-4F81-87D1-C6E719357E9F}
		{4BB4C113-27E8-4A17-B7E1-883FF31292E6} = {2A43FBB8-B5C0-4F81-87D1-C6E719357E9F}
		{B3DEE115-EE3B-4E0B-81C3-D1FDE8F58F2B} = {2A43FBB8-B5C0-4F81-87D1-C6E719357E9F}
		{BFC692B3-0F8A-4715-86C1-399EE621D475} = {D25D492B-4564-4B40-8393-49D3A2FE7FCF}
		{A38C2EAF-DEE5-43A2-AED1-9A23FC3563A2} = {BFC692B3-0F8A-4715-86C1-399EE621D475}
		{333619A8-F921-462A-AB95-91280F7F0048} = {F146C882-414E-459D-ACB8-53DFD92388F6}
		{2AC47D90-D8E0-4B92-99DA-A1F890A35B2E} = {333619A8-F921-462A-AB95-91280F7F0048}
		{F8057E09-EABD-415C-BAC1-B66ABDA219CF} = {333619A8-F921-462A-AB95-91280F7F0048}
		{960AD0F3-448C-4D40-BD14-EBBA184EEB61} = {BFC692B3-0F8A-4715-86C1-399EE621D475}
		{C207970F-25F8-4F89-B232-BBDE1DC10B9E} = {F146C882-414E-459D-ACB8-53DFD92388F6}
		{92E71F8A-591A-4164-9A24-6160283F9C5E} = {C207970F-25F8-4F89-B232-BBDE1DC10B9E}
	EndGlobalSection
	GlobalSection(ExtensibilityGlobals) = postSolution
		SolutionGuid = {FC9C8A10-4CD0-4AA7-A1D8-8C70C503D34F}
	EndGlobalSection
EndGlobal
